{
  "version": 4,
  "terraform_version": "1.11.4",
  "serial": 1,
  "lineage": "60edb70c-0e93-ca9b-2254-0db9a1ad2021",
  "outputs": {},
  "resources": [
    {
      "mode": "data",
      "type": "terraform_remote_state",
      "name": "infra",
      "provider": "provider[\"terraform.io/builtin/terraform\"]",
      "instances": [
        {
          "schema_version": 0,
          "attributes": {
            "backend": "s3",
            "config": {
              "value": {
                "bucket": "iti-moaaz-briek-us",
                "key": "terraform/state/infra",
                "region": "us-east-1"
              },
              "type": [
                "object",
                {
                  "bucket": "string",
                  "key": "string",
                  "region": "string"
                }
              ]
            },
            "defaults": null,
            "outputs": {
              "value": {
                "bastion_id": "i-07822f965f0cdde0c",
                "ecr_token": "eyJwYXlsb2FkIjoiN1pzellSK2Y1QUZqQ0pxeHIwcERlaXgrQzB3MFFPRW93bjlXZU1UUjNJS0RvQ1g4eERad1RKSWhxMTFtQXVBWjZEWlJOYUM2Sk1XdDNhMWtjOXBKdDF5d21oN0NMWkZYcDgvU3ZNUTFVZndOTDlnNUg3aEdST3hmM2d0ZHFJZW0yd1l1Qlh3MXFueU80OU9CMDQ0cVg1TE5nVlpaaGgwZ2x4MlAvbEZqMmR3REg5MldIUFNmUXVYRGtPOTNCWnZ1N2FtaEs0K1dvQjFGUDNOUEc1OENYQ3NkdUppQkg0aitpRG5mRVNxeUNFNW05SWNnaGV4YnoybmtFZ2I5cndtbUtWQXJnUWg5U3NzcWVHRlQxbHJwWk8ycXFVeHFpVDNHdnh3NXBMcUxta3pkeHRJb0ZkdVNrV1VuWGViOU9zYXpsKy9ndWxvMnB4ZFN5NnZVMDRCUjY5am9MY1BqUXdzZm56a2JGL1orUlcvU051NGxhTDZ5TlhiMFQrRHdjV3ZwK2dTVGRNNDBUMzVLNGZDaTd1N3RmWWJoMFdZWFM4NmdJODRzRERTbmRGMzlvdWsrdVJCS05tZ0FqenVhWUU3OWJjNk1qemtRV3hqQldkcFB3VHZLVzNzTFA4c005U1BJTElZZ2R1M05WQ3FydElZL0s3OGdNYVdrQlJGcDRNaUpkUCtUK0RTODVPeVA0SCtCZzRMam5NdjU1enFyT1ZVVnphRzNNNjBEUFcvUGJhWUVkTWovVk9zL3BPa09tY2duSlUxOHpWK1ZBY2c4b3ZBMWdWYjJPd1plMUZoS2l4R0p2d0wrVmtpWisrQTZUV2tLUnE4K0UvZGttUEhzWTlBNFZ0aWVSNm1qVHZYOGhSNVBVTm1EL2hmSTd2U0lha1lzbDZmUlVTenZWRWpqVTRzUG5ZUmVLNjB0RTMzOVVzcC9DMGFWdkRma2RZemxCd3VLOGRnYkUzdGU4b3VqNUh5ZVM4emNaYUhpR0FqM0dHVmZmd2t6N0JNcW1Pak10ZlNVUXlTUkU3N1hkWmUwNVI4bkl2b0tiOWc1ay9PRC8vYkE5WGRYTUovOFVSeEorVHBQZC9yaWVkS3JXVWlnNHkyVkNZZmxPVitBWmwza2xVVXZjKzFYWS9oUUd2bW92ZytWanpVTDJiOUxYUmd2dGY5ajFuYU9KSDhiTDVMVGUrUnBvN0ZYWXdFdUlmbGkwYnRrSGEyN29RTHlick1RNVZJWVR2SmJkMXNIcU9oR3RoeXp1dWtCSFQrU3NuZHJqcHRxdllCNmt5SGFzUm45dFJPZG1QZVBQNWZnODNSOFNMRDQ2bTlSbjdyWUxTcWFWai8wQ3F0b0dpRWdHNUc2IiwiZGF0YWtleSI6IkFRRUJBSGh3bTBZYUlTSmVSdEptNW4xRzZ1cWVla1h1b1hYUGU1VUZjZTlScTgvMTR3QUFBSDR3ZkFZSktvWklodmNOQVFjR29HOHdiUUlCQURCb0Jna3Foa2lHOXcwQkJ3RXdIZ1lKWUlaSUFXVURCQUV1TUJFRURFM1BUekNSdUpHazM1UU9JZ0lCRUlBN2Zocm82R0dBY2w5dStQQzhzdm52NEJoa0x2TEwveXhQVThzQ3gzalJtK2ZHTFZDNEdldWlicWNTSk9UbHRyTHZiZGh3Vjc5Y202VDdZZzA9IiwidmVyc2lvbiI6IjIiLCJ0eXBlIjoiREFUQV9LRVkiLCJleHBpcmF0aW9uIjoxNzQ5Njg0NjExfQ==",
                "ecr_url": [
                  "816069170265.dkr.ecr.us-east-1.amazonaws.com/backend",
                  "816069170265.dkr.ecr.us-east-1.amazonaws.com/frontend"
                ],
                "eks_cluster_name": "gitops-eks-cluster",
                "external_secrets_role_arn": "arn:aws:iam::816069170265:role/exteral-secrets-role",
                "jenkins_kaniko_role_arn": "arn:aws:iam::816069170265:role/jenkins-role",
                "private_subnet_ids": [
                  "subnet-09cb0d1834baba5f3",
                  "subnet-0dd10030ee26c56ae",
                  "subnet-016cd57ec51ffcfbb"
                ],
                "public_subnet_ids": [
                  "subnet-09dba0535b0c08c1a",
                  "subnet-09f3aee415a3e113d",
                  "subnet-0d927aa558459e7a8"
                ],
                "vpc_id": "vpc-0a632466b814bbe2e"
              },
              "type": [
                "object",
                {
                  "bastion_id": "string",
                  "ecr_token": "string",
                  "ecr_url": [
                    "tuple",
                    [
                      "string",
                      "string"
                    ]
                  ],
                  "eks_cluster_name": "string",
                  "external_secrets_role_arn": "string",
                  "jenkins_kaniko_role_arn": "string",
                  "private_subnet_ids": [
                    "tuple",
                    [
                      "string",
                      "string",
                      "string"
                    ]
                  ],
                  "public_subnet_ids": [
                    "tuple",
                    [
                      "string",
                      "string",
                      "string"
                    ]
                  ],
                  "vpc_id": "string"
                }
              ]
            },
            "workspace": null
          },
          "sensitive_attributes": []
        }
      ]
    },
    {
      "mode": "managed",
      "type": "helm_release",
      "name": "certbot",
      "provider": "provider[\"registry.terraform.io/hashicorp/helm\"]",
      "instances": [
        {
          "schema_version": 1,
          "attributes": {
            "atomic": false,
            "chart": "cert-manager",
            "cleanup_on_fail": false,
            "create_namespace": false,
            "dependency_update": false,
            "description": null,
            "devel": null,
            "disable_crd_hooks": false,
            "disable_openapi_validation": false,
            "disable_webhooks": false,
            "force_update": false,
            "id": "certbot",
            "keyring": null,
            "lint": false,
            "manifest": null,
            "max_history": 0,
            "metadata": [
              {
                "app_version": "v1.8.0",
                "chart": "cert-manager",
                "first_deployed": 1749648690,
                "last_deployed": 1749648690,
                "name": "certbot",
                "namespace": "default",
                "notes": "cert-manager v1.8.0 has been deployed successfully!\n\nIn order to begin issuing certificates, you will need to set up a ClusterIssuer\nor Issuer resource (for example, by creating a 'letsencrypt-staging' issuer).\n\nMore information on the different types of issuers and how to configure them\ncan be found in our documentation:\n\nhttps://cert-manager.io/docs/configuration/\n\nFor information on how to configure cert-manager to automatically provision\nCertificates for Ingress resources, take a look at the `ingress-shim`\ndocumentation:\n\nhttps://cert-manager.io/docs/usage/ingress/\n",
                "revision": 1,
                "values": "{\"cert-manager\":{\"enableCrdInstall\":true},\"global\":{\"namespace\":\"cert-manager\"},\"installCRDs\":true}",
                "version": "v1.8.0"
              }
            ],
            "name": "certbot",
            "namespace": "default",
            "pass_credentials": false,
            "postrender": [],
            "recreate_pods": false,
            "render_subchart_notes": true,
            "replace": false,
            "repository": "https://charts.jetstack.io",
            "repository_ca_file": null,
            "repository_cert_file": null,
            "repository_key_file": null,
            "repository_password": null,
            "repository_username": null,
            "reset_values": false,
            "reuse_values": false,
            "set": [
              {
                "name": "installCRDs",
                "type": "",
                "value": "true"
              }
            ],
            "set_list": [],
            "set_sensitive": [],
            "skip_crds": false,
            "status": "deployed",
            "timeout": 300,
            "upgrade_install": null,
            "values": [
              "global:\r\n  namespace: cert-manager\r\n\r\ncert-manager:\r\n  enableCrdInstall: true"
            ],
            "verify": false,
            "version": "v1.8.0",
            "wait": true,
            "wait_for_jobs": false
          },
          "sensitive_attributes": [
            [
              {
                "type": "get_attr",
                "value": "repository_password"
              }
            ]
          ],
          "private": "eyJzY2hlbWFfdmVyc2lvbiI6IjEifQ=="
        }
      ]
    }
  ],
  "check_results": null
}
